# THIS IS AN AUTOGENERATED FILE. DO NOT EDIT THIS FILE DIRECTLY.
# yarn lockfile v1


flatc-bin@^2.0.8:
  version "2.0.8"
  resolved "https://registry.yarnpkg.com/flatc-bin/-/flatc-bin-2.0.8.tgz#7615ce7efc9cf547130d98cf794b48ff5715b5a6"
  integrity sha512-bWzosmT44t4652okp+ieFKqqgG394TfRgdML+j6qa8e0bW7le6NIZsBJlERlyy6ZSAmabjMIkhR0KOyoGFF+vQ==
